
Microsoft Visual Studio Solution File, Format Version 12.00
# Visual Studio Version 17
VisualStudioVersion = 17.14.37301.10
MinimumVisualStudioVersion = 10.0.40219.1
Project("{2150E333-8FDC-42A3-9474-1A3956D46DE8}") = "src", "src", "{02EA681E-C7D8-13C7-8484-4AC65E1B71E8}"
EndProject
Project("{2150E333-8FDC-42A3-9474-1A3956D46DE8}") = "1.API", "1.API", "{D4680F69-C546-4E89-8D4E-42E6E1A6F864}"
EndProject
Project("{2150E333-8FDC-42A3-9474-1A3956D46DE8}") = "2. Application", "2. Application", "{6E4D450C-6FB5-48DD-B0EA-75AB9B2E2D91}"
EndProject
Project("{2150E333-8FDC-42A3-9474-1A3956D46DE8}") = "3. Domain", "3. Domain", "{01644BEB-9B85-441E-BFB9-217E4905CC74}"
EndProject
Project("{2150E333-8FDC-42A3-9474-1A3956D46DE8}") = "4. InfraStructure", "4. InfraStructure", "{9DCE022D-1BAD-4C60-A9DD-2516484E411E}"
EndProject
Project("{2150E333-8FDC-42A3-9474-1A3956D46DE8}") = "5. CrossCutting", "5. CrossCutting", "{417EC9FE-8450-4C29-8FB4-C29BDE0AF4AB}"
EndProject
Project("{2150E333-8FDC-42A3-9474-1A3956D46DE8}") = "6. Test", "6. Test", "{CCC2EDC6-FCCA-4D2E-ACAD-649E0063BF55}"
EndProject
Project("{FAE04EC0-301F-11D3-BF4B-00C04F79EFBC}") = "SemanaAcademica.Api", "src\SemanaAcademica.Api\SemanaAcademica.Api.csproj", "{3E41639E-39BD-486A-853A-A0E686E4298C}"
EndProject
Project("{FAE04EC0-301F-11D3-BF4B-00C04F79EFBC}") = "SemanaAcademica.Application", "src\SemanaAcademica.Application\SemanaAcademica.Application.csproj", "{E403420B-FC42-42FF-92FF-6F8515B7FA2A}"
EndProject
Project("{FAE04EC0-301F-11D3-BF4B-00C04F79EFBC}") = "SemanaAcademica.Domain", "src\SemanaAcademica.Domain\SemanaAcademica.Domain.csproj", "{EB981C69-5578-4D05-B34B-6555BA140C0D}"
EndProject
Project("{FAE04EC0-301F-11D3-BF4B-00C04F79EFBC}") = "SemanaAcademica.Infra", "src\SemanaAcademica.Infra\SemanaAcademica.Infra.csproj", "{BFB08FBA-5232-4B08-B428-0078C9D2DEAA}"
EndProject
Project("{FAE04EC0-301F-11D3-BF4B-00C04F79EFBC}") = "SemanaAcademica.CrossCutting", "src\SemanaAcademica.CrossCutting\SemanaAcademica.CrossCutting.csproj", "{D9F2CA07-F89E-4D0A-AF21-D55B981E7934}"
EndProject
Project("{FAE04EC0-301F-11D3-BF4B-00C04F79EFBC}") = "SemanaAcademica.Test", "src\SemanaAcademica.Test\SemanaAcademica.Test.csproj", "{66ECA109-DFBF-45D2-8BC9-7056592593C8}"
EndProject
Global
	GlobalSection(SolutionConfigurationPlatforms) = preSolution
		Debug|Any CPU = Debug|Any CPU
		Release|Any CPU = Release|Any CPU
	EndGlobalSection
	GlobalSection(ProjectConfigurationPlatforms) = postSolution
		{3E41639E-39BD-486A-853A-A0E686E4298C}.Debug|Any CPU.ActiveCfg = Debug|Any CPU
		{3E41639E-39BD-486A-853A-A0E686E4298C}.Debug|Any CPU.Build.0 = Debug|Any CPU
		{3E41639E-39BD-486A-853A-A0E686E4298C}.Release|Any CPU.ActiveCfg = Release|Any CPU
		{3E41639E-39BD-486A-853A-A0E686E4298C}.Release|Any CPU.Build.0 = Release|Any CPU
		{E403420B-FC42-42FF-92FF-6F8515B7FA2A}.Debug|Any CPU.ActiveCfg = Debug|Any CPU
		{E403420B-FC42-42FF-92FF-6F8515B7FA2A}.Debug|Any CPU.Build.0 = Debug|Any CPU
		{E403420B-FC42-42FF-92FF-6F8515B7FA2A}.Release|Any CPU.ActiveCfg = Release|Any CPU
		{E403420B-FC42-42FF-92FF-6F8515B7FA2A}.Release|Any CPU.Build.0 = Release|Any CPU
		{EB981C69-5578-4D05-B34B-6555BA140C0D}.Debug|Any CPU.ActiveCfg = Debug|Any CPU
		{EB981C69-5578-4D05-B34B-6555BA140C0D}.Debug|Any CPU.Build.0 = Debug|Any CPU
		{EB981C69-5578-4D05-B34B-6555BA140C0D}.Release|Any CPU.ActiveCfg = Release|Any CPU
		{EB981C69-5578-4D05-B34B-6555BA140C0D}.Release|Any CPU.Build.0 = Release|Any CPU
		{BFB08FBA-5232-4B08-B428-0078C9D2DEAA}.Debug|Any CPU.ActiveCfg = Debug|Any CPU
		{BFB08FBA-5232-4B08-B428-0078C9D2DEAA}.Debug|Any CPU.Build.0 = Debug|Any CPU
		{BFB08FBA-5232-4B08-B428-0078C9D2DEAA}.Release|Any CPU.ActiveCfg = Release|Any CPU
		{BFB08FBA-5232-4B08-B428-0078C9D2DEAA}.Release|Any CPU.Build.0 = Release|Any CPU
		{D9F2CA07-F89E-4D0A-AF21-D55B981E7934}.Debug|Any CPU.ActiveCfg = Debug|Any CPU
		{D9F2CA07-F89E-4D0A-AF21-D55B981E7934}.Debug|Any CPU.Build.0 = Debug|Any CPU
		{D9F2CA07-F89E-4D0A-AF21-D55B981E7934}.Release|Any CPU.ActiveCfg = Release|Any CPU
		{D9F2CA07-F89E-4D0A-AF21-D55B981E7934}.Release|Any CPU.Build.0 = Release|Any CPU
		{66ECA109-DFBF-45D2-8BC9-7056592593C8}.Debug|Any CPU.ActiveCfg = Debug|Any CPU
		{66ECA109-DFBF-45D2-8BC9-7056592593C8}.Debug|Any CPU.Build.0 = Debug|Any CPU
		{66ECA109-DFBF-45D2-8BC9-7056592593C8}.Release|Any CPU.ActiveCfg = Release|Any CPU
		{66ECA109-DFBF-45D2-8BC9-7056592593C8}.Release|Any CPU.Build.0 = Release|Any CPU
	EndGlobalSection
	GlobalSection(SolutionProperties) = preSolution
		HideSolutionNode = FALSE
	EndGlobalSection
	GlobalSection(NestedProjects) = preSolution
		{D4680F69-C546-4E89-8D4E-42E6E1A6F864} = {02EA681E-C7D8-13C7-8484-4AC65E1B71E8}
		{6E4D450C-6FB5-48DD-B0EA-75AB9B2E2D91} = {02EA681E-C7D8-13C7-8484-4AC65E1B71E8}
		{01644BEB-9B85-441E-BFB9-217E4905CC74} = {02EA681E-C7D8-13C7-8484-4AC65E1B71E8}
		{9DCE022D-1BAD-4C60-A9DD-2516484E411E} = {02EA681E-C7D8-13C7-8484-4AC65E1B71E8}
		{417EC9FE-8450-4C29-8FB4-C29BDE0AF4AB} = {02EA681E-C7D8-13C7-8484-4AC65E1B71E8}
		{CCC2EDC6-FCCA-4D2E-ACAD-649E0063BF55} = {02EA681E-C7D8-13C7-8484-4AC65E1B71E8}
		{3E41639E-39BD-486A-853A-A0E686E4298C} = {D4680F69-C546-4E89-8D4E-42E6E1A6F864}
		{E403420B-FC42-42FF-92FF-6F8515B7FA2A} = {6E4D450C-6FB5-48DD-B0EA-75AB9B2E2D91}
		{EB981C69-5578-4D05-B34B-6555BA140C0D} = {01644BEB-9B85-441E-BFB9-217E4905CC74}
		{BFB08FBA-5232-4B08-B428-0078C9D2DEAA} = {9DCE022D-1BAD-4C60-A9DD-2516484E411E}
		{D9F2CA07-F89E-4D0A-AF21-D55B981E7934} = {417EC9FE-8450-4C29-8FB4-C29BDE0AF4AB}
		{66ECA109-DFBF-45D2-8BC9-7056592593C8} = {CCC2EDC6-FCCA-4D2E-ACAD-649E0063BF55}
	EndGlobalSection
	GlobalSection(ExtensibilityGlobals) = postSolution
		SolutionGuid = {E24A300B-60CB-4E98-9C6E-8E1E85106F9E}
	EndGlobalSection
EndGlobal
